
Microsoft Visual Studio Solution File, Format Version 12.00
# Visual Studio Version 16
VisualStudioVersion = 16.0.31005.135
MinimumVisualStudioVersion = 10.0.40219.1
Project("{FAE04EC0-301F-11D3-BF4B-00C04F79EFBC}") = "IT488 Team Project", "IT488 Team Project.csproj", "{23C80F3C-7155-4EF0-B9C3-88CB85429B0B}"
EndProject
Global
	GlobalSection(SolutionConfigurationPlatforms) = preSolution
		Debug|Any CPU = Debug|Any CPU
		Release|Any CPU = Release|Any CPU
	EndGlobalSection
	GlobalSection(ProjectConfigurationPlatforms) = postSolution
		{23C80F3C-7155-4EF0-B9C3-88CB85429B0B}.Debug|Any CPU.ActiveCfg = Debug|Any CPU
		{23C80F3C-7155-4EF0-B9C3-88CB85429B0B}.Debug|Any CPU.Build.0 = Debug|Any CPU
		{23C80F3C-7155-4EF0-B9C3-88CB85429B0B}.Release|Any CPU.ActiveCfg = Release|Any CPU
		{23C80F3C-7155-4EF0-B9C3-88CB85429B0B}.Release|Any CPU.Build.0 = Release|Any CPU
	EndGlobalSection
	GlobalSection(SolutionProperties) = preSolution
		HideSolutionNode = FALSE
	EndGlobalSection
	GlobalSection(ExtensibilityGlobals) = postSolution
		SolutionGuid = {1F447C7B-8025-4BD7-9A1D-9D6D7127430C}
	EndGlobalSection
EndGlobal
